
Microsoft Visual Studio Solution File, Format Version 12.00
# Visual Studio Version 17
VisualStudioVersion = 17.8.34330.188
MinimumVisualStudioVersion = 10.0.40219.1
Project("{FAE04EC0-301F-11D3-BF4B-00C04F79EFBC}") = "Sum", "Recursive\Sum.csproj", "{65B286CD-75D2-4434-9238-AA85FD9C6C4E}"
EndProject
Project("{FAE04EC0-301F-11D3-BF4B-00C04F79EFBC}") = "Power", "RecursionPow\Power.csproj", "{625D2A50-D0CF-4A57-A049-78D3116CF097}"
EndProject
Project("{FAE04EC0-301F-11D3-BF4B-00C04F79EFBC}") = "Factorial", "Factorial\Factorial.csproj", "{7B5CCEE4-E769-4AB6-8A23-0CDFDB5F1275}"
EndProject
Project("{FAE04EC0-301F-11D3-BF4B-00C04F79EFBC}") = "RussianMult", "RussianMult\RussianMult.csproj", "{1D979316-685C-4BF7-9A80-613BD175B915}"
EndProject
Project("{FAE04EC0-301F-11D3-BF4B-00C04F79EFBC}") = "binari", "binari\binari.csproj", "{3318467D-D5FB-4416-B825-70BCD6CB6959}"
EndProject
Global
	GlobalSection(SolutionConfigurationPlatforms) = preSolution
		Debug|Any CPU = Debug|Any CPU
		Release|Any CPU = Release|Any CPU
	EndGlobalSection
	GlobalSection(ProjectConfigurationPlatforms) = postSolution
		{65B286CD-75D2-4434-9238-AA85FD9C6C4E}.Debug|Any CPU.ActiveCfg = Debug|Any CPU
		{65B286CD-75D2-4434-9238-AA85FD9C6C4E}.Debug|Any CPU.Build.0 = Debug|Any CPU
		{65B286CD-75D2-4434-9238-AA85FD9C6C4E}.Release|Any CPU.ActiveCfg = Release|Any CPU
		{65B286CD-75D2-4434-9238-AA85FD9C6C4E}.Release|Any CPU.Build.0 = Release|Any CPU
		{625D2A50-D0CF-4A57-A049-78D3116CF097}.Debug|Any CPU.ActiveCfg = Debug|Any CPU
		{625D2A50-D0CF-4A57-A049-78D3116CF097}.Debug|Any CPU.Build.0 = Debug|Any CPU
		{625D2A50-D0CF-4A57-A049-78D3116CF097}.Release|Any CPU.ActiveCfg = Release|Any CPU
		{625D2A50-D0CF-4A57-A049-78D3116CF097}.Release|Any CPU.Build.0 = Release|Any CPU
		{7B5CCEE4-E769-4AB6-8A23-0CDFDB5F1275}.Debug|Any CPU.ActiveCfg = Debug|Any CPU
		{7B5CCEE4-E769-4AB6-8A23-0CDFDB5F1275}.Debug|Any CPU.Build.0 = Debug|Any CPU
		{7B5CCEE4-E769-4AB6-8A23-0CDFDB5F1275}.Release|Any CPU.ActiveCfg = Release|Any CPU
		{7B5CCEE4-E769-4AB6-8A23-0CDFDB5F1275}.Release|Any CPU.Build.0 = Release|Any CPU
		{1D979316-685C-4BF7-9A80-613BD175B915}.Debug|Any CPU.ActiveCfg = Debug|Any CPU
		{1D979316-685C-4BF7-9A80-613BD175B915}.Debug|Any CPU.Build.0 = Debug|Any CPU
		{1D979316-685C-4BF7-9A80-613BD175B915}.Release|Any CPU.ActiveCfg = Release|Any CPU
		{1D979316-685C-4BF7-9A80-613BD175B915}.Release|Any CPU.Build.0 = Release|Any CPU
		{3318467D-D5FB-4416-B825-70BCD6CB6959}.Debug|Any CPU.ActiveCfg = Debug|Any CPU
		{3318467D-D5FB-4416-B825-70BCD6CB6959}.Debug|Any CPU.Build.0 = Debug|Any CPU
		{3318467D-D5FB-4416-B825-70BCD6CB6959}.Release|Any CPU.ActiveCfg = Release|Any CPU
		{3318467D-D5FB-4416-B825-70BCD6CB6959}.Release|Any CPU.Build.0 = Release|Any CPU
	EndGlobalSection
	GlobalSection(SolutionProperties) = preSolution
		HideSolutionNode = FALSE
	EndGlobalSection
	GlobalSection(ExtensibilityGlobals) = postSolution
		SolutionGuid = {E3418146-D55F-4BBD-9399-9C9F982EB331}
	EndGlobalSection
EndGlobal
